<?xml version="1.0" encoding="utf-8"?>
<Project ToolsVersion="16.0" xmlns="http://schemas.microsoft.com/developer/msbuild/2003">
  <ItemGroup>
    <CustomBuild Include="C:\Project Harmony\curl\CMakeFiles\26d2fb1c5bb9c66b7f55c0c176795fc5\INSTALL_force.rule">
      <Filter>CMake Rules</Filter>
    </CustomBuild>
  </ItemGroup>
  <ItemGroup>
    <Filter Include="CMake Rules">
      <UniqueIdentifier>{0520A7D4-C73E-3F85-88BB-F3A016DAA6E5}</UniqueIdentifier>
    </Filter>
  </ItemGroup>
</Project>
