<?xml version="1.0" encoding="utf-8"?>
<Project ToolsVersion="4.0" xmlns="http://schemas.microsoft.com/developer/msbuild/2003">
  <ItemGroup>
    <Filter Include="Source Files">
      <UniqueIdentifier>{4FC737F1-C7A5-4376-A066-2A32D752A2FF}</UniqueIdentifier>
      <Extensions>cpp;c;cc;cxx;c++;cppm;ixx;def;odl;idl;hpj;bat;asm;asmx</Extensions>
    </Filter>
    <Filter Include="Header Files">
      <UniqueIdentifier>{93995380-89BD-4b04-88EB-625FBE52EBFB}</UniqueIdentifier>
      <Extensions>h;hh;hpp;hxx;h++;hm;inl;inc;ipp;xsd</Extensions>
    </Filter>
    <Filter Include="Resource Files">
      <UniqueIdentifier>{67DA6AB6-F800-4c08-8B7A-83BB121AAD01}</UniqueIdentifier>
      <Extensions>rc;ico;cur;bmp;dlg;rc2;rct;bin;rgs;gif;jpg;jpeg;jpe;resx;tiff;tif;png;wav;mfcribbon-ms</Extensions>
    </Filter>
  </ItemGroup>
  <ItemGroup>
    <ClInclude Include="D:\PROJECTS\Infeneon Position2Go Docs\IFX_P2G-HW-SW_V1.0.4\Firmware_Software\Communication Library\ComLib_C_Interface\include\COMPort.h">
      <Filter>Header Files</Filter>
    </ClInclude>
    <ClInclude Include="D:\PROJECTS\Infeneon Position2Go Docs\IFX_P2G-HW-SW_V1.0.4\Firmware_Software\Communication Library\ComLib_C_Interface\include\EndpointCalibration.h">
      <Filter>Header Files</Filter>
    </ClInclude>
    <ClInclude Include="D:\PROJECTS\Infeneon Position2Go Docs\IFX_P2G-HW-SW_V1.0.4\Firmware_Software\Communication Library\ComLib_C_Interface\include\EndpointRadarAdcxmc.h">
      <Filter>Header Files</Filter>
    </ClInclude>
    <ClInclude Include="D:\PROJECTS\Infeneon Position2Go Docs\IFX_P2G-HW-SW_V1.0.4\Firmware_Software\Communication Library\ComLib_C_Interface\include\EndpointRadarBase.h">
      <Filter>Header Files</Filter>
    </ClInclude>
    <ClInclude Include="D:\PROJECTS\Infeneon Position2Go Docs\IFX_P2G-HW-SW_V1.0.4\Firmware_Software\Communication Library\ComLib_C_Interface\include\EndpointRadarDoppler.h">
      <Filter>Header Files</Filter>
    </ClInclude>
    <ClInclude Include="D:\PROJECTS\Infeneon Position2Go Docs\IFX_P2G-HW-SW_V1.0.4\Firmware_Software\Communication Library\ComLib_C_Interface\include\EndpointRadarErrorCodes.h">
      <Filter>Header Files</Filter>
    </ClInclude>
    <ClInclude Include="D:\PROJECTS\Infeneon Position2Go Docs\IFX_P2G-HW-SW_V1.0.4\Firmware_Software\Communication Library\ComLib_C_Interface\include\EndpointRadarFmcw.h">
      <Filter>Header Files</Filter>
    </ClInclude>
    <ClInclude Include="D:\PROJECTS\Infeneon Position2Go Docs\IFX_P2G-HW-SW_V1.0.4\Firmware_Software\Communication Library\ComLib_C_Interface\include\EndpointRadarIndustrial.h">
      <Filter>Header Files</Filter>
    </ClInclude>
    <ClInclude Include="D:\PROJECTS\Infeneon Position2Go Docs\IFX_P2G-HW-SW_V1.0.4\Firmware_Software\Communication Library\ComLib_C_Interface\include\EndpointRadarP2G.h">
      <Filter>Header Files</Filter>
    </ClInclude>
    <ClInclude Include="D:\PROJECTS\Infeneon Position2Go Docs\IFX_P2G-HW-SW_V1.0.4\Firmware_Software\Communication Library\ComLib_C_Interface\include\EndpointTargetDetection.h">
      <Filter>Header Files</Filter>
    </ClInclude>
    <ClInclude Include="D:\PROJECTS\Infeneon Position2Go Docs\IFX_P2G-HW-SW_V1.0.4\Firmware_Software\Communication Library\ComLib_C_Interface\include\Protocol.h">
      <Filter>Header Files</Filter>
    </ClInclude>
    <ClInclude Include="D:\PROJECTS\Infeneon Position2Go Docs\IFX_P2G-HW-SW_V1.0.4\Firmware_Software\Communication Library\ComLib_C_Interface\src\Protocol_internal.h">
      <Filter>Source Files</Filter>
    </ClInclude>
    <ClInclude Include="D:\PROJECTS\Infeneon Position2Go Docs\IFX_P2G-HW-SW_V1.0.4\Firmware_Software\Communication Library\ComLib_C_Interface\src\Protocol_KnownEndpoints.h">
      <Filter>Source Files</Filter>
    </ClInclude>
  </ItemGroup>
  <ItemGroup>
    <ClCompile Include="D:\PROJECTS\Infeneon Position2Go Docs\IFX_P2G-HW-SW_V1.0.4\Firmware_Software\Communication Library\ComLib_C_Interface\src\COMPort_Unix.c">
      <Filter>Source Files</Filter>
    </ClCompile>
    <ClCompile Include="D:\PROJECTS\Infeneon Position2Go Docs\IFX_P2G-HW-SW_V1.0.4\Firmware_Software\Communication Library\ComLib_C_Interface\src\COMPort_Windows.c">
      <Filter>Source Files</Filter>
    </ClCompile>
    <ClCompile Include="D:\PROJECTS\Infeneon Position2Go Docs\IFX_P2G-HW-SW_V1.0.4\Firmware_Software\Communication Library\ComLib_C_Interface\src\EndpointCalibration.c">
      <Filter>Source Files</Filter>
    </ClCompile>
    <ClCompile Include="D:\PROJECTS\Infeneon Position2Go Docs\IFX_P2G-HW-SW_V1.0.4\Firmware_Software\Communication Library\ComLib_C_Interface\src\EndpointRadarAdcxmc.c">
      <Filter>Source Files</Filter>
    </ClCompile>
    <ClCompile Include="D:\PROJECTS\Infeneon Position2Go Docs\IFX_P2G-HW-SW_V1.0.4\Firmware_Software\Communication Library\ComLib_C_Interface\src\EndpointRadarBase.c">
      <Filter>Source Files</Filter>
    </ClCompile>
    <ClCompile Include="D:\PROJECTS\Infeneon Position2Go Docs\IFX_P2G-HW-SW_V1.0.4\Firmware_Software\Communication Library\ComLib_C_Interface\src\EndpointRadarDoppler.c">
      <Filter>Source Files</Filter>
    </ClCompile>
    <ClCompile Include="D:\PROJECTS\Infeneon Position2Go Docs\IFX_P2G-HW-SW_V1.0.4\Firmware_Software\Communication Library\ComLib_C_Interface\src\EndpointRadarErrorCodes.c">
      <Filter>Source Files</Filter>
    </ClCompile>
    <ClCompile Include="D:\PROJECTS\Infeneon Position2Go Docs\IFX_P2G-HW-SW_V1.0.4\Firmware_Software\Communication Library\ComLib_C_Interface\src\EndpointRadarFmcw.c">
      <Filter>Source Files</Filter>
    </ClCompile>
    <ClCompile Include="D:\PROJECTS\Infeneon Position2Go Docs\IFX_P2G-HW-SW_V1.0.4\Firmware_Software\Communication Library\ComLib_C_Interface\src\EndpointRadarIndustrial.c">
      <Filter>Source Files</Filter>
    </ClCompile>
    <ClCompile Include="D:\PROJECTS\Infeneon Position2Go Docs\IFX_P2G-HW-SW_V1.0.4\Firmware_Software\Communication Library\ComLib_C_Interface\src\EndpointRadarP2G.c">
      <Filter>Source Files</Filter>
    </ClCompile>
    <ClCompile Include="D:\PROJECTS\Infeneon Position2Go Docs\IFX_P2G-HW-SW_V1.0.4\Firmware_Software\Communication Library\ComLib_C_Interface\src\EndpointTargetDetection.c">
      <Filter>Source Files</Filter>
    </ClCompile>
    <ClCompile Include="D:\PROJECTS\Infeneon Position2Go Docs\IFX_P2G-HW-SW_V1.0.4\Firmware_Software\Communication Library\ComLib_C_Interface\src\Protocol.c">
      <Filter>Source Files</Filter>
    </ClCompile>
    <ClCompile Include="D:\PROJECTS\Infeneon Position2Go Docs\IFX_P2G-HW-SW_V1.0.4\Firmware_Software\Communication Library\ComLib_C_Interface\examples\extract_raw_data.c">
      <Filter>Source Files</Filter>
    </ClCompile>
  </ItemGroup>
</Project>