<?xml version="1.0" encoding="utf-8"?>
<Project ToolsVersion="4.0" xmlns="http://schemas.microsoft.com/developer/msbuild/2003">
  <ItemGroup>
    <Filter Include="Source Files">
      <UniqueIdentifier>{4FC737F1-C7A5-4376-A066-2A32D752A2FF}</UniqueIdentifier>
      <Extensions>cpp;c;cc;cxx;c++;cppm;ixx;def;odl;idl;hpj;bat;asm;asmx</Extensions>
    </Filter>
    <Filter Include="Header Files">
      <UniqueIdentifier>{93995380-89BD-4b04-88EB-625FBE52EBFB}</UniqueIdentifier>
      <Extensions>h;hh;hpp;hxx;h++;hm;inl;inc;ipp;xsd</Extensions>
    </Filter>
    <Filter Include="Resource Files">
      <UniqueIdentifier>{67DA6AB6-F800-4c08-8B7A-83BB121AAD01}</UniqueIdentifier>
      <Extensions>rc;ico;cur;bmp;dlg;rc2;rct;bin;rgs;gif;jpg;jpeg;jpe;resx;tiff;tif;png;wav;mfcribbon-ms</Extensions>
    </Filter>
  </ItemGroup>
  <ItemGroup>
    <ClCompile Include="src\COMPort_Unix.c">
      <Filter>Source Files</Filter>
    </ClCompile>
    <ClCompile Include="src\COMPort_Windows.c">
      <Filter>Source Files</Filter>
    </ClCompile>
    <ClCompile Include="src\EndpointCalibration.c">
      <Filter>Source Files</Filter>
    </ClCompile>
    <ClCompile Include="src\EndpointRadarAdcxmc.c">
      <Filter>Source Files</Filter>
    </ClCompile>
    <ClCompile Include="src\EndpointRadarBase.c">
      <Filter>Source Files</Filter>
    </ClCompile>
    <ClCompile Include="src\EndpointRadarDoppler.c">
      <Filter>Source Files</Filter>
    </ClCompile>
    <ClCompile Include="src\EndpointRadarErrorCodes.c">
      <Filter>Source Files</Filter>
    </ClCompile>
    <ClCompile Include="src\EndpointRadarFmcw.c">
      <Filter>Source Files</Filter>
    </ClCompile>
    <ClCompile Include="src\EndpointRadarIndustrial.c">
      <Filter>Source Files</Filter>
    </ClCompile>
    <ClCompile Include="src\EndpointRadarP2G.c">
      <Filter>Source Files</Filter>
    </ClCompile>
    <ClCompile Include="src\EndpointTargetDetection.c">
      <Filter>Source Files</Filter>
    </ClCompile>
    <ClCompile Include="src\Protocol.c">
      <Filter>Source Files</Filter>
    </ClCompile>
    <ClCompile Include="examples\read.c">
      <Filter>Source Files</Filter>
    </ClCompile>
  </ItemGroup>
  <ItemGroup>
    <ClInclude Include="include\COMPort.h">
      <Filter>Header Files</Filter>
    </ClInclude>
    <ClInclude Include="include\EndpointCalibration.h">
      <Filter>Header Files</Filter>
    </ClInclude>
    <ClInclude Include="include\EndpointRadarAdcxmc.h">
      <Filter>Header Files</Filter>
    </ClInclude>
    <ClInclude Include="include\EndpointRadarBase.h">
      <Filter>Header Files</Filter>
    </ClInclude>
    <ClInclude Include="include\EndpointRadarDoppler.h">
      <Filter>Header Files</Filter>
    </ClInclude>
    <ClInclude Include="include\EndpointRadarErrorCodes.h">
      <Filter>Header Files</Filter>
    </ClInclude>
    <ClInclude Include="include\EndpointRadarFmcw.h">
      <Filter>Header Files</Filter>
    </ClInclude>
    <ClInclude Include="include\EndpointRadarIndustrial.h">
      <Filter>Header Files</Filter>
    </ClInclude>
    <ClInclude Include="include\EndpointRadarP2G.h">
      <Filter>Header Files</Filter>
    </ClInclude>
    <ClInclude Include="include\EndpointTargetDetection.h">
      <Filter>Header Files</Filter>
    </ClInclude>
    <ClInclude Include="include\Protocol.h">
      <Filter>Header Files</Filter>
    </ClInclude>
    <ClInclude Include="src\Protocol_internal.h">
      <Filter>Header Files</Filter>
    </ClInclude>
    <ClInclude Include="src\Protocol_KnownEndpoints.h">
      <Filter>Header Files</Filter>
    </ClInclude>
  </ItemGroup>
</Project>