<?xml version="1.0" encoding="utf-8"?>
<Project ToolsVersion="4.0" xmlns="http://schemas.microsoft.com/developer/msbuild/2003">
  <ItemGroup>
    <Filter Include="Source Files">
      <UniqueIdentifier>{4FC737F1-C7A5-4376-A066-2A32D752A2FF}</UniqueIdentifier>
      <Extensions>cpp;c;cc;cxx;c++;cppm;ixx;def;odl;idl;hpj;bat;asm;asmx</Extensions>
    </Filter>
    <Filter Include="Header Files">
      <UniqueIdentifier>{93995380-89BD-4b04-88EB-625FBE52EBFB}</UniqueIdentifier>
      <Extensions>h;hh;hpp;hxx;h++;hm;inl;inc;ipp;xsd</Extensions>
    </Filter>
    <Filter Include="Resource Files">
      <UniqueIdentifier>{67DA6AB6-F800-4c08-8B7A-83BB121AAD01}</UniqueIdentifier>
      <Extensions>rc;ico;cur;bmp;dlg;rc2;rct;bin;rgs;gif;jpg;jpeg;jpe;resx;tiff;tif;png;wav;mfcribbon-ms</Extensions>
    </Filter>
  </ItemGroup>
  <ItemGroup>
    <ClCompile Include="D:\PROJECTS\Project Harmony\Radar\iSYS-5220_2021-12-01\iSYS-5220\iSYS-5220 RadarAPI\iSYS5220_RadarAPI_ExampleProject\main.cpp">
      <Filter>Source Files</Filter>
    </ClCompile>
  </ItemGroup>
  <ItemGroup>
    <ClInclude Include="D:\PROJECTS\Project Harmony\Radar\iSYS-5220_2021-12-01\iSYS-5220\iSYS-5220 RadarAPI\iSYS5220_RadarAPI_ExampleProject\iSYS5220_radarAPI_basicTypes.h">
      <Filter>Header Files</Filter>
    </ClInclude>
    <ClInclude Include="D:\PROJECTS\Project Harmony\Radar\iSYS-5220_2021-12-01\iSYS-5220\iSYS-5220 RadarAPI\iSYS5220_RadarAPI_ExampleProject\iSYS5220_radarAPI_enums.h">
      <Filter>Header Files</Filter>
    </ClInclude>
    <ClInclude Include="D:\PROJECTS\Project Harmony\Radar\iSYS-5220_2021-12-01\iSYS-5220\iSYS-5220 RadarAPI\iSYS5220_RadarAPI_ExampleProject\iSYS5220_radarAPI_if.h">
      <Filter>Header Files</Filter>
    </ClInclude>
    <ClInclude Include="D:\PROJECTS\Project Harmony\Radar\iSYS-5220_2021-12-01\iSYS-5220\iSYS-5220 RadarAPI\iSYS5220_RadarAPI_ExampleProject\iSYS5220_radarAPI_structs.h">
      <Filter>Header Files</Filter>
    </ClInclude>
  </ItemGroup>
  <ItemGroup>
    <None Include="D:\PROJECTS\Project Harmony\Radar\iSYS-5220_2021-12-01\iSYS-5220\iSYS-5220 RadarAPI\library_v1.113\Windows_mingw_x64\iSYS5220_radarAPI.dll" />
  </ItemGroup>
  <ItemGroup>
    <Library Include="D:\PROJECTS\Project Harmony\Radar\iSYS-5220_2021-12-01\iSYS-5220\iSYS-5220 RadarAPI\library_v1.113\Windows_msvc_2017_x64\iSYS5220_radarAPI.lib" />
  </ItemGroup>
</Project>